
Microsoft Visual Studio Solution File, Format Version 12.00
# Visual Studio 15
VisualStudioVersion = 15.0.27130.2020
MinimumVisualStudioVersion = 10.0.40219.1
Project("{FAE04EC0-301F-11D3-BF4B-00C04F79EFBC}") = "Timbr.Android", "Timbr\Timbr.Android\Timbr.Android.csproj", "{14D81AAD-6E4D-4FD0-ABFE-598E9546F577}"
EndProject
Project("{FAE04EC0-301F-11D3-BF4B-00C04F79EFBC}") = "Timbr.iOS", "Timbr\Timbr.iOS\Timbr.iOS.csproj", "{CD583B0D-0307-4CF5-9375-61AD10E0D17B}"
EndProject
Project("{FAE04EC0-301F-11D3-BF4B-00C04F79EFBC}") = "Timbr.UWP", "Timbr\Timbr.UWP\Timbr.UWP.csproj", "{C93DC780-DDF1-4516-AEF8-55E7CA23249A}"
EndProject
Project("{FAE04EC0-301F-11D3-BF4B-00C04F79EFBC}") = "Timbr", "Timbr\Timbr\Timbr.csproj", "{EC916075-6A9A-4210-82CF-DB40696B0834}"
EndProject
Global
	GlobalSection(SolutionConfigurationPlatforms) = preSolution
		Ad-Hoc|Any CPU = Ad-Hoc|Any CPU
		Ad-Hoc|ARM = Ad-Hoc|ARM
		Ad-Hoc|iPhone = Ad-Hoc|iPhone
		Ad-Hoc|iPhoneSimulator = Ad-Hoc|iPhoneSimulator
		Ad-Hoc|x64 = Ad-Hoc|x64
		Ad-Hoc|x86 = Ad-Hoc|x86
		AppStore|Any CPU = AppStore|Any CPU
		AppStore|ARM = AppStore|ARM
		AppStore|iPhone = AppStore|iPhone
		AppStore|iPhoneSimulator = AppStore|iPhoneSimulator
		AppStore|x64 = AppStore|x64
		AppStore|x86 = AppStore|x86
		Debug|Any CPU = Debug|Any CPU
		Debug|ARM = Debug|ARM
		Debug|iPhone = Debug|iPhone
		Debug|iPhoneSimulator = Debug|iPhoneSimulator
		Debug|x64 = Debug|x64
		Debug|x86 = Debug|x86
		Release|Any CPU = Release|Any CPU
		Release|ARM = Release|ARM
		Release|iPhone = Release|iPhone
		Release|iPhoneSimulator = Release|iPhoneSimulator
		Release|x64 = Release|x64
		Release|x86 = Release|x86
	EndGlobalSection
	GlobalSection(ProjectConfigurationPlatforms) = postSolution
		{14D81AAD-6E4D-4FD0-ABFE-598E9546F577}.Ad-Hoc|Any CPU.ActiveCfg = Release|Any CPU
		{14D81AAD-6E4D-4FD0-ABFE-598E9546F577}.Ad-Hoc|Any CPU.Build.0 = Release|Any CPU
		{14D81AAD-6E4D-4FD0-ABFE-598E9546F577}.Ad-Hoc|Any CPU.Deploy.0 = Release|Any CPU
		{14D81AAD-6E4D-4FD0-ABFE-598E9546F577}.Ad-Hoc|ARM.ActiveCfg = Release|Any CPU
		{14D81AAD-6E4D-4FD0-ABFE-598E9546F577}.Ad-Hoc|ARM.Build.0 = Release|Any CPU
		{14D81AAD-6E4D-4FD0-ABFE-598E9546F577}.Ad-Hoc|ARM.Deploy.0 = Release|Any CPU
		{14D81AAD-6E4D-4FD0-ABFE-598E9546F577}.Ad-Hoc|iPhone.ActiveCfg = Release|Any CPU
		{14D81AAD-6E4D-4FD0-ABFE-598E9546F577}.Ad-Hoc|iPhone.Build.0 = Release|Any CPU
		{14D81AAD-6E4D-4FD0-ABFE-598E9546F577}.Ad-Hoc|iPhone.Deploy.0 = Release|Any CPU
		{14D81AAD-6E4D-4FD0-ABFE-598E9546F577}.Ad-Hoc|iPhoneSimulator.ActiveCfg = Release|Any CPU
		{14D81AAD-6E4D-4FD0-ABFE-598E9546F577}.Ad-Hoc|iPhoneSimulator.Build.0 = Release|Any CPU
		{14D81AAD-6E4D-4FD0-ABFE-598E9546F577}.Ad-Hoc|iPhoneSimulator.Deploy.0 = Release|Any CPU
		{14D81AAD-6E4D-4FD0-ABFE-598E9546F577}.Ad-Hoc|x64.ActiveCfg = Release|Any CPU
		{14D81AAD-6E4D-4FD0-ABFE-598E9546F577}.Ad-Hoc|x64.Build.0 = Release|Any CPU
		{14D81AAD-6E4D-4FD0-ABFE-598E9546F577}.Ad-Hoc|x64.Deploy.0 = Release|Any CPU
		{14D81AAD-6E4D-4FD0-ABFE-598E9546F577}.Ad-Hoc|x86.ActiveCfg = Release|Any CPU
		{14D81AAD-6E4D-4FD0-ABFE-598E9546F577}.Ad-Hoc|x86.Build.0 = Release|Any CPU
		{14D81AAD-6E4D-4FD0-ABFE-598E9546F577}.Ad-Hoc|x86.Deploy.0 = Release|Any CPU
		{14D81AAD-6E4D-4FD0-ABFE-598E9546F577}.AppStore|Any CPU.ActiveCfg = Release|Any CPU
		{14D81AAD-6E4D-4FD0-ABFE-598E9546F577}.AppStore|Any CPU.Build.0 = Release|Any CPU
		{14D81AAD-6E4D-4FD0-ABFE-598E9546F577}.AppStore|Any CPU.Deploy.0 = Release|Any CPU
		{14D81AAD-6E4D-4FD0-ABFE-598E9546F577}.AppStore|ARM.ActiveCfg = Release|Any CPU
		{14D81AAD-6E4D-4FD0-ABFE-598E9546F577}.AppStore|ARM.Build.0 = Release|Any CPU
		{14D81AAD-6E4D-4FD0-ABFE-598E9546F577}.AppStore|ARM.Deploy.0 = Release|Any CPU
		{14D81AAD-6E4D-4FD0-ABFE-598E9546F577}.AppStore|iPhone.ActiveCfg = Release|Any CPU
		{14D81AAD-6E4D-4FD0-ABFE-598E9546F577}.AppStore|iPhone.Build.0 = Release|Any CPU
		{14D81AAD-6E4D-4FD0-ABFE-598E9546F577}.AppStore|iPhone.Deploy.0 = Release|Any CPU
		{14D81AAD-6E4D-4FD0-ABFE-598E9546F577}.AppStore|iPhoneSimulator.ActiveCfg = Release|Any CPU
		{14D81AAD-6E4D-4FD0-ABFE-598E9546F577}.AppStore|iPhoneSimulator.Build.0 = Release|Any CPU
		{14D81AAD-6E4D-4FD0-ABFE-598E9546F577}.AppStore|iPhoneSimulator.Deploy.0 = Release|Any CPU
		{14D81AAD-6E4D-4FD0-ABFE-598E9546F577}.AppStore|x64.ActiveCfg = Release|Any CPU
		{14D81AAD-6E4D-4FD0-ABFE-598E9546F577}.AppStore|x64.Build.0 = Release|Any CPU
		{14D81AAD-6E4D-4FD0-ABFE-598E9546F577}.AppStore|x64.Deploy.0 = Release|Any CPU
		{14D81AAD-6E4D-4FD0-ABFE-598E9546F577}.AppStore|x86.ActiveCfg = Release|Any CPU
		{14D81AAD-6E4D-4FD0-ABFE-598E9546F577}.AppStore|x86.Build.0 = Release|Any CPU
		{14D81AAD-6E4D-4FD0-ABFE-598E9546F577}.AppStore|x86.Deploy.0 = Release|Any CPU
		{14D81AAD-6E4D-4FD0-ABFE-598E9546F577}.Debug|Any CPU.ActiveCfg = Debug|Any CPU
		{14D81AAD-6E4D-4FD0-ABFE-598E9546F577}.Debug|Any CPU.Build.0 = Debug|Any CPU
		{14D81AAD-6E4D-4FD0-ABFE-598E9546F577}.Debug|Any CPU.Deploy.0 = Debug|Any CPU
		{14D81AAD-6E4D-4FD0-ABFE-598E9546F577}.Debug|ARM.ActiveCfg = Debug|Any CPU
		{14D81AAD-6E4D-4FD0-ABFE-598E9546F577}.Debug|ARM.Build.0 = Debug|Any CPU
		{14D81AAD-6E4D-4FD0-ABFE-598E9546F577}.Debug|ARM.Deploy.0 = Debug|Any CPU
		{14D81AAD-6E4D-4FD0-ABFE-598E9546F577}.Debug|iPhone.ActiveCfg = Debug|Any CPU
		{14D81AAD-6E4D-4FD0-ABFE-598E9546F577}.Debug|iPhone.Build.0 = Debug|Any CPU
		{14D81AAD-6E4D-4FD0-ABFE-598E9546F577}.Debug|iPhone.Deploy.0 = Debug|Any CPU
		{14D81AAD-6E4D-4FD0-ABFE-598E9546F577}.Debug|iPhoneSimulator.ActiveCfg = Debug|Any CPU
		{14D81AAD-6E4D-4FD0-ABFE-598E9546F577}.Debug|iPhoneSimulator.Build.0 = Debug|Any CPU
		{14D81AAD-6E4D-4FD0-ABFE-598E9546F577}.Debug|iPhoneSimulator.Deploy.0 = Debug|Any CPU
		{14D81AAD-6E4D-4FD0-ABFE-598E9546F577}.Debug|x64.ActiveCfg = Debug|Any CPU
		{14D81AAD-6E4D-4FD0-ABFE-598E9546F577}.Debug|x64.Build.0 = Debug|Any CPU
		{14D81AAD-6E4D-4FD0-ABFE-598E9546F577}.Debug|x64.Deploy.0 = Debug|Any CPU
		{14D81AAD-6E4D-4FD0-ABFE-598E9546F577}.Debug|x86.ActiveCfg = Debug|Any CPU
		{14D81AAD-6E4D-4FD0-ABFE-598E9546F577}.Debug|x86.Build.0 = Debug|Any CPU
		{14D81AAD-6E4D-4FD0-ABFE-598E9546F577}.Debug|x86.Deploy.0 = Debug|Any CPU
		{14D81AAD-6E4D-4FD0-ABFE-598E9546F577}.Release|Any CPU.ActiveCfg = Release|Any CPU
		{14D81AAD-6E4D-4FD0-ABFE-598E9546F577}.Release|Any CPU.Build.0 = Release|Any CPU
		{14D81AAD-6E4D-4FD0-ABFE-598E9546F577}.Release|Any CPU.Deploy.0 = Release|Any CPU
		{14D81AAD-6E4D-4FD0-ABFE-598E9546F577}.Release|ARM.ActiveCfg = Release|Any CPU
		{14D81AAD-6E4D-4FD0-ABFE-598E9546F577}.Release|ARM.Build.0 = Release|Any CPU
		{14D81AAD-6E4D-4FD0-ABFE-598E9546F577}.Release|ARM.Deploy.0 = Release|Any CPU
		{14D81AAD-6E4D-4FD0-ABFE-598E9546F577}.Release|iPhone.ActiveCfg = Release|Any CPU
		{14D81AAD-6E4D-4FD0-ABFE-598E9546F577}.Release|iPhone.Build.0 = Release|Any CPU
		{14D81AAD-6E4D-4FD0-ABFE-598E9546F577}.Release|iPhone.Deploy.0 = Release|Any CPU
		{14D81AAD-6E4D-4FD0-ABFE-598E9546F577}.Release|iPhoneSimulator.ActiveCfg = Release|Any CPU
		{14D81AAD-6E4D-4FD0-ABFE-598E9546F577}.Release|iPhoneSimulator.Build.0 = Release|Any CPU
		{14D81AAD-6E4D-4FD0-ABFE-598E9546F577}.Release|iPhoneSimulator.Deploy.0 = Release|Any CPU
		{14D81AAD-6E4D-4FD0-ABFE-598E9546F577}.Release|x64.ActiveCfg = Release|Any CPU
		{14D81AAD-6E4D-4FD0-ABFE-598E9546F577}.Release|x64.Build.0 = Release|Any CPU
		{14D81AAD-6E4D-4FD0-ABFE-598E9546F577}.Release|x64.Deploy.0 = Release|Any CPU
		{14D81AAD-6E4D-4FD0-ABFE-598E9546F577}.Release|x86.ActiveCfg = Release|Any CPU
		{14D81AAD-6E4D-4FD0-ABFE-598E9546F577}.Release|x86.Build.0 = Release|Any CPU
		{14D81AAD-6E4D-4FD0-ABFE-598E9546F577}.Release|x86.Deploy.0 = Release|Any CPU
		{CD583B0D-0307-4CF5-9375-61AD10E0D17B}.Ad-Hoc|Any CPU.ActiveCfg = Ad-Hoc|iPhone
		{CD583B0D-0307-4CF5-9375-61AD10E0D17B}.Ad-Hoc|ARM.ActiveCfg = Ad-Hoc|iPhone
		{CD583B0D-0307-4CF5-9375-61AD10E0D17B}.Ad-Hoc|iPhone.ActiveCfg = Ad-Hoc|iPhone
		{CD583B0D-0307-4CF5-9375-61AD10E0D17B}.Ad-Hoc|iPhone.Build.0 = Ad-Hoc|iPhone
		{CD583B0D-0307-4CF5-9375-61AD10E0D17B}.Ad-Hoc|iPhoneSimulator.ActiveCfg = Ad-Hoc|iPhoneSimulator
		{CD583B0D-0307-4CF5-9375-61AD10E0D17B}.Ad-Hoc|iPhoneSimulator.Build.0 = Ad-Hoc|iPhoneSimulator
		{CD583B0D-0307-4CF5-9375-61AD10E0D17B}.Ad-Hoc|x64.ActiveCfg = Ad-Hoc|iPhone
		{CD583B0D-0307-4CF5-9375-61AD10E0D17B}.Ad-Hoc|x86.ActiveCfg = Ad-Hoc|iPhone
		{CD583B0D-0307-4CF5-9375-61AD10E0D17B}.AppStore|Any CPU.ActiveCfg = AppStore|iPhone
		{CD583B0D-0307-4CF5-9375-61AD10E0D17B}.AppStore|ARM.ActiveCfg = AppStore|iPhone
		{CD583B0D-0307-4CF5-9375-61AD10E0D17B}.AppStore|iPhone.ActiveCfg = AppStore|iPhone
		{CD583B0D-0307-4CF5-9375-61AD10E0D17B}.AppStore|iPhone.Build.0 = AppStore|iPhone
		{CD583B0D-0307-4CF5-9375-61AD10E0D17B}.AppStore|iPhoneSimulator.ActiveCfg = AppStore|iPhoneSimulator
		{CD583B0D-0307-4CF5-9375-61AD10E0D17B}.AppStore|iPhoneSimulator.Build.0 = AppStore|iPhoneSimulator
		{CD583B0D-0307-4CF5-9375-61AD10E0D17B}.AppStore|x64.ActiveCfg = AppStore|iPhone
		{CD583B0D-0307-4CF5-9375-61AD10E0D17B}.AppStore|x86.ActiveCfg = AppStore|iPhone
		{CD583B0D-0307-4CF5-9375-61AD10E0D17B}.Debug|Any CPU.ActiveCfg = Debug|iPhone
		{CD583B0D-0307-4CF5-9375-61AD10E0D17B}.Debug|ARM.ActiveCfg = Debug|iPhone
		{CD583B0D-0307-4CF5-9375-61AD10E0D17B}.Debug|iPhone.ActiveCfg = Debug|iPhone
		{CD583B0D-0307-4CF5-9375-61AD10E0D17B}.Debug|iPhone.Build.0 = Debug|iPhone
		{CD583B0D-0307-4CF5-9375-61AD10E0D17B}.Debug|iPhoneSimulator.ActiveCfg = Debug|iPhoneSimulator
		{CD583B0D-0307-4CF5-9375-61AD10E0D17B}.Debug|iPhoneSimulator.Build.0 = Debug|iPhoneSimulator
		{CD583B0D-0307-4CF5-9375-61AD10E0D17B}.Debug|x64.ActiveCfg = Debug|iPhone
		{CD583B0D-0307-4CF5-9375-61AD10E0D17B}.Debug|x86.ActiveCfg = Debug|iPhone
		{CD583B0D-0307-4CF5-9375-61AD10E0D17B}.Release|Any CPU.ActiveCfg = Release|iPhone
		{CD583B0D-0307-4CF5-9375-61AD10E0D17B}.Release|ARM.ActiveCfg = Release|iPhone
		{CD583B0D-0307-4CF5-9375-61AD10E0D17B}.Release|iPhone.ActiveCfg = Release|iPhone
		{CD583B0D-0307-4CF5-9375-61AD10E0D17B}.Release|iPhone.Build.0 = Release|iPhone
		{CD583B0D-0307-4CF5-9375-61AD10E0D17B}.Release|iPhoneSimulator.ActiveCfg = Release|iPhoneSimulator
		{CD583B0D-0307-4CF5-9375-61AD10E0D17B}.Release|iPhoneSimulator.Build.0 = Release|iPhoneSimulator
		{CD583B0D-0307-4CF5-9375-61AD10E0D17B}.Release|x64.ActiveCfg = Release|iPhone
		{CD583B0D-0307-4CF5-9375-61AD10E0D17B}.Release|x86.ActiveCfg = Release|iPhone
		{C93DC780-DDF1-4516-AEF8-55E7CA23249A}.Ad-Hoc|Any CPU.ActiveCfg = Release|x86
		{C93DC780-DDF1-4516-AEF8-55E7CA23249A}.Ad-Hoc|Any CPU.Build.0 = Release|x86
		{C93DC780-DDF1-4516-AEF8-55E7CA23249A}.Ad-Hoc|Any CPU.Deploy.0 = Release|x86
		{C93DC780-DDF1-4516-AEF8-55E7CA23249A}.Ad-Hoc|ARM.ActiveCfg = Release|ARM
		{C93DC780-DDF1-4516-AEF8-55E7CA23249A}.Ad-Hoc|ARM.Build.0 = Release|ARM
		{C93DC780-DDF1-4516-AEF8-55E7CA23249A}.Ad-Hoc|ARM.Deploy.0 = Release|ARM
		{C93DC780-DDF1-4516-AEF8-55E7CA23249A}.Ad-Hoc|iPhone.ActiveCfg = Release|x86
		{C93DC780-DDF1-4516-AEF8-55E7CA23249A}.Ad-Hoc|iPhone.Build.0 = Release|x86
		{C93DC780-DDF1-4516-AEF8-55E7CA23249A}.Ad-Hoc|iPhone.Deploy.0 = Release|x86
		{C93DC780-DDF1-4516-AEF8-55E7CA23249A}.Ad-Hoc|iPhoneSimulator.ActiveCfg = Release|x86
		{C93DC780-DDF1-4516-AEF8-55E7CA23249A}.Ad-Hoc|iPhoneSimulator.Build.0 = Release|x86
		{C93DC780-DDF1-4516-AEF8-55E7CA23249A}.Ad-Hoc|iPhoneSimulator.Deploy.0 = Release|x86
		{C93DC780-DDF1-4516-AEF8-55E7CA23249A}.Ad-Hoc|x64.ActiveCfg = Release|x64
		{C93DC780-DDF1-4516-AEF8-55E7CA23249A}.Ad-Hoc|x64.Build.0 = Release|x64
		{C93DC780-DDF1-4516-AEF8-55E7CA23249A}.Ad-Hoc|x64.Deploy.0 = Release|x64
		{C93DC780-DDF1-4516-AEF8-55E7CA23249A}.Ad-Hoc|x86.ActiveCfg = Release|x86
		{C93DC780-DDF1-4516-AEF8-55E7CA23249A}.Ad-Hoc|x86.Build.0 = Release|x86
		{C93DC780-DDF1-4516-AEF8-55E7CA23249A}.Ad-Hoc|x86.Deploy.0 = Release|x86
		{C93DC780-DDF1-4516-AEF8-55E7CA23249A}.AppStore|Any CPU.ActiveCfg = Release|x86
		{C93DC780-DDF1-4516-AEF8-55E7CA23249A}.AppStore|Any CPU.Build.0 = Release|x86
		{C93DC780-DDF1-4516-AEF8-55E7CA23249A}.AppStore|Any CPU.Deploy.0 = Release|x86
		{C93DC780-DDF1-4516-AEF8-55E7CA23249A}.AppStore|ARM.ActiveCfg = Release|ARM
		{C93DC780-DDF1-4516-AEF8-55E7CA23249A}.AppStore|ARM.Build.0 = Release|ARM
		{C93DC780-DDF1-4516-AEF8-55E7CA23249A}.AppStore|ARM.Deploy.0 = Release|ARM
		{C93DC780-DDF1-4516-AEF8-55E7CA23249A}.AppStore|iPhone.ActiveCfg = Release|x86
		{C93DC780-DDF1-4516-AEF8-55E7CA23249A}.AppStore|iPhone.Build.0 = Release|x86
		{C93DC780-DDF1-4516-AEF8-55E7CA23249A}.AppStore|iPhone.Deploy.0 = Release|x86
		{C93DC780-DDF1-4516-AEF8-55E7CA23249A}.AppStore|iPhoneSimulator.ActiveCfg = Release|x86
		{C93DC780-DDF1-4516-AEF8-55E7CA23249A}.AppStore|iPhoneSimulator.Build.0 = Release|x86
		{C93DC780-DDF1-4516-AEF8-55E7CA23249A}.AppStore|iPhoneSimulator.Deploy.0 = Release|x86
		{C93DC780-DDF1-4516-AEF8-55E7CA23249A}.AppStore|x64.ActiveCfg = Release|x64
		{C93DC780-DDF1-4516-AEF8-55E7CA23249A}.AppStore|x64.Build.0 = Release|x64
		{C93DC780-DDF1-4516-AEF8-55E7CA23249A}.AppStore|x64.Deploy.0 = Release|x64
		{C93DC780-DDF1-4516-AEF8-55E7CA23249A}.AppStore|x86.ActiveCfg = Release|x86
		{C93DC780-DDF1-4516-AEF8-55E7CA23249A}.AppStore|x86.Build.0 = Release|x86
		{C93DC780-DDF1-4516-AEF8-55E7CA23249A}.AppStore|x86.Deploy.0 = Release|x86
		{C93DC780-DDF1-4516-AEF8-55E7CA23249A}.Debug|Any CPU.ActiveCfg = Debug|x86
		{C93DC780-DDF1-4516-AEF8-55E7CA23249A}.Debug|ARM.ActiveCfg = Debug|ARM
		{C93DC780-DDF1-4516-AEF8-55E7CA23249A}.Debug|ARM.Build.0 = Debug|ARM
		{C93DC780-DDF1-4516-AEF8-55E7CA23249A}.Debug|ARM.Deploy.0 = Debug|ARM
		{C93DC780-DDF1-4516-AEF8-55E7CA23249A}.Debug|iPhone.ActiveCfg = Debug|x86
		{C93DC780-DDF1-4516-AEF8-55E7CA23249A}.Debug|iPhoneSimulator.ActiveCfg = Debug|x86
		{C93DC780-DDF1-4516-AEF8-55E7CA23249A}.Debug|x64.ActiveCfg = Debug|x64
		{C93DC780-DDF1-4516-AEF8-55E7CA23249A}.Debug|x64.Build.0 = Debug|x64
		{C93DC780-DDF1-4516-AEF8-55E7CA23249A}.Debug|x64.Deploy.0 = Debug|x64
		{C93DC780-DDF1-4516-AEF8-55E7CA23249A}.Debug|x86.ActiveCfg = Debug|x86
		{C93DC780-DDF1-4516-AEF8-55E7CA23249A}.Debug|x86.Build.0 = Debug|x86
		{C93DC780-DDF1-4516-AEF8-55E7CA23249A}.Debug|x86.Deploy.0 = Debug|x86
		{C93DC780-DDF1-4516-AEF8-55E7CA23249A}.Release|Any CPU.ActiveCfg = Release|x86
		{C93DC780-DDF1-4516-AEF8-55E7CA23249A}.Release|ARM.ActiveCfg = Release|ARM
		{C93DC780-DDF1-4516-AEF8-55E7CA23249A}.Release|ARM.Build.0 = Release|ARM
		{C93DC780-DDF1-4516-AEF8-55E7CA23249A}.Release|ARM.Deploy.0 = Release|ARM
		{C93DC780-DDF1-4516-AEF8-55E7CA23249A}.Release|iPhone.ActiveCfg = Release|x86
		{C93DC780-DDF1-4516-AEF8-55E7CA23249A}.Release|iPhoneSimulator.ActiveCfg = Release|x86
		{C93DC780-DDF1-4516-AEF8-55E7CA23249A}.Release|x64.ActiveCfg = Release|x64
		{C93DC780-DDF1-4516-AEF8-55E7CA23249A}.Release|x64.Build.0 = Release|x64
		{C93DC780-DDF1-4516-AEF8-55E7CA23249A}.Release|x64.Deploy.0 = Release|x64
		{C93DC780-DDF1-4516-AEF8-55E7CA23249A}.Release|x86.ActiveCfg = Release|x86
		{C93DC780-DDF1-4516-AEF8-55E7CA23249A}.Release|x86.Build.0 = Release|x86
		{C93DC780-DDF1-4516-AEF8-55E7CA23249A}.Release|x86.Deploy.0 = Release|x86
		{EC916075-6A9A-4210-82CF-DB40696B0834}.Ad-Hoc|Any CPU.ActiveCfg = Debug|Any CPU
		{EC916075-6A9A-4210-82CF-DB40696B0834}.Ad-Hoc|Any CPU.Build.0 = Debug|Any CPU
		{EC916075-6A9A-4210-82CF-DB40696B0834}.Ad-Hoc|ARM.ActiveCfg = Debug|Any CPU
		{EC916075-6A9A-4210-82CF-DB40696B0834}.Ad-Hoc|ARM.Build.0 = Debug|Any CPU
		{EC916075-6A9A-4210-82CF-DB40696B0834}.Ad-Hoc|iPhone.ActiveCfg = Debug|Any CPU
		{EC916075-6A9A-4210-82CF-DB40696B0834}.Ad-Hoc|iPhone.Build.0 = Debug|Any CPU
		{EC916075-6A9A-4210-82CF-DB40696B0834}.Ad-Hoc|iPhoneSimulator.ActiveCfg = Debug|Any CPU
		{EC916075-6A9A-4210-82CF-DB40696B0834}.Ad-Hoc|iPhoneSimulator.Build.0 = Debug|Any CPU
		{EC916075-6A9A-4210-82CF-DB40696B0834}.Ad-Hoc|x64.ActiveCfg = Debug|Any CPU
		{EC916075-6A9A-4210-82CF-DB40696B0834}.Ad-Hoc|x64.Build.0 = Debug|Any CPU
		{EC916075-6A9A-4210-82CF-DB40696B0834}.Ad-Hoc|x86.ActiveCfg = Debug|Any CPU
		{EC916075-6A9A-4210-82CF-DB40696B0834}.Ad-Hoc|x86.Build.0 = Debug|Any CPU
		{EC916075-6A9A-4210-82CF-DB40696B0834}.AppStore|Any CPU.ActiveCfg = Debug|Any CPU
		{EC916075-6A9A-4210-82CF-DB40696B0834}.AppStore|Any CPU.Build.0 = Debug|Any CPU
		{EC916075-6A9A-4210-82CF-DB40696B0834}.AppStore|ARM.ActiveCfg = Debug|Any CPU
		{EC916075-6A9A-4210-82CF-DB40696B0834}.AppStore|ARM.Build.0 = Debug|Any CPU
		{EC916075-6A9A-4210-82CF-DB40696B0834}.AppStore|iPhone.ActiveCfg = Debug|Any CPU
		{EC916075-6A9A-4210-82CF-DB40696B0834}.AppStore|iPhone.Build.0 = Debug|Any CPU
		{EC916075-6A9A-4210-82CF-DB40696B0834}.AppStore|iPhoneSimulator.ActiveCfg = Debug|Any CPU
		{EC916075-6A9A-4210-82CF-DB40696B0834}.AppStore|iPhoneSimulator.Build.0 = Debug|Any CPU
		{EC916075-6A9A-4210-82CF-DB40696B0834}.AppStore|x64.ActiveCfg = Debug|Any CPU
		{EC916075-6A9A-4210-82CF-DB40696B0834}.AppStore|x64.Build.0 = Debug|Any CPU
		{EC916075-6A9A-4210-82CF-DB40696B0834}.AppStore|x86.ActiveCfg = Debug|Any CPU
		{EC916075-6A9A-4210-82CF-DB40696B0834}.AppStore|x86.Build.0 = Debug|Any CPU
		{EC916075-6A9A-4210-82CF-DB40696B0834}.Debug|Any CPU.ActiveCfg = Debug|Any CPU
		{EC916075-6A9A-4210-82CF-DB40696B0834}.Debug|Any CPU.Build.0 = Debug|Any CPU
		{EC916075-6A9A-4210-82CF-DB40696B0834}.Debug|ARM.ActiveCfg = Debug|Any CPU
		{EC916075-6A9A-4210-82CF-DB40696B0834}.Debug|ARM.Build.0 = Debug|Any CPU
		{EC916075-6A9A-4210-82CF-DB40696B0834}.Debug|iPhone.ActiveCfg = Debug|Any CPU
		{EC916075-6A9A-4210-82CF-DB40696B0834}.Debug|iPhone.Build.0 = Debug|Any CPU
		{EC916075-6A9A-4210-82CF-DB40696B0834}.Debug|iPhoneSimulator.ActiveCfg = Debug|Any CPU
		{EC916075-6A9A-4210-82CF-DB40696B0834}.Debug|iPhoneSimulator.Build.0 = Debug|Any CPU
		{EC916075-6A9A-4210-82CF-DB40696B0834}.Debug|x64.ActiveCfg = Debug|Any CPU
		{EC916075-6A9A-4210-82CF-DB40696B0834}.Debug|x64.Build.0 = Debug|Any CPU
		{EC916075-6A9A-4210-82CF-DB40696B0834}.Debug|x86.ActiveCfg = Debug|Any CPU
		{EC916075-6A9A-4210-82CF-DB40696B0834}.Debug|x86.Build.0 = Debug|Any CPU
		{EC916075-6A9A-4210-82CF-DB40696B0834}.Release|Any CPU.ActiveCfg = Release|Any CPU
		{EC916075-6A9A-4210-82CF-DB40696B0834}.Release|Any CPU.Build.0 = Release|Any CPU
		{EC916075-6A9A-4210-82CF-DB40696B0834}.Release|ARM.ActiveCfg = Release|Any CPU
		{EC916075-6A9A-4210-82CF-DB40696B0834}.Release|ARM.Build.0 = Release|Any CPU
		{EC916075-6A9A-4210-82CF-DB40696B0834}.Release|iPhone.ActiveCfg = Release|Any CPU
		{EC916075-6A9A-4210-82CF-DB40696B0834}.Release|iPhone.Build.0 = Release|Any CPU
		{EC916075-6A9A-4210-82CF-DB40696B0834}.Release|iPhoneSimulator.ActiveCfg = Release|Any CPU
		{EC916075-6A9A-4210-82CF-DB40696B0834}.Release|iPhoneSimulator.Build.0 = Release|Any CPU
		{EC916075-6A9A-4210-82CF-DB40696B0834}.Release|x64.ActiveCfg = Release|Any CPU
		{EC916075-6A9A-4210-82CF-DB40696B0834}.Release|x64.Build.0 = Release|Any CPU
		{EC916075-6A9A-4210-82CF-DB40696B0834}.Release|x86.ActiveCfg = Release|Any CPU
		{EC916075-6A9A-4210-82CF-DB40696B0834}.Release|x86.Build.0 = Release|Any CPU
	EndGlobalSection
	GlobalSection(SolutionProperties) = preSolution
		HideSolutionNode = FALSE
	EndGlobalSection
	GlobalSection(ExtensibilityGlobals) = postSolution
		SolutionGuid = {1C6AF732-3B7C-4011-9ADE-6A25271D7891}
	EndGlobalSection
EndGlobal
